// !$*UTF8*$!
{
	archiveVersion = 1;
	classes = {
	};
	objectVersion = 50;
	objects = {

/* Begin PBXBuildFile section */
		2A9CEF6C074DD65D24E7E02A /* Pods_qiaojie.framework in Frameworks */ = {isa = PBXBuildFile; fileRef = 9F89E096589E8A15FA1ABA1F /* Pods_qiaojie.framework */; };
		B521851C21EDE7E800543335 /* NetworkTarget.swift in Sources */ = {isa = PBXBuildFile; fileRef = B521851B21EDE7E800543335 /* NetworkTarget.swift */; };
		B532E68A21FEED8F0037E349 /* Viewdelegate.swift in Sources */ = {isa = PBXBuildFile; fileRef = B532E68921FEED8F0037E349 /* Viewdelegate.swift */; };
		B532E68C21FEEE8F0037E349 /* DelegateViewController.swift in Sources */ = {isa = PBXBuildFile; fileRef = B532E68B21FEEE8F0037E349 /* DelegateViewController.swift */; };
		B532E68E21FF0FE40037E349 /* DemoViewController.swift in Sources */ = {isa = PBXBuildFile; fileRef = B532E68D21FF0FE40037E349 /* DemoViewController.swift */; };
		B54285152151E856004BFFE9 /* v4ViewController.swift in Sources */ = {isa = PBXBuildFile; fileRef = B54285142151E856004BFFE9 /* v4ViewController.swift */; };
		B54285172151E869004BFFE9 /* v5ViewController.swift in Sources */ = {isa = PBXBuildFile; fileRef = B54285162151E869004BFFE9 /* v5ViewController.swift */; };
		B54285192151E875004BFFE9 /* v6ViewController.swift in Sources */ = {isa = PBXBuildFile; fileRef = B54285182151E875004BFFE9 /* v6ViewController.swift */; };
		B542851B2151E880004BFFE9 /* v7ViewController.swift in Sources */ = {isa = PBXBuildFile; fileRef = B542851A2151E880004BFFE9 /* v7ViewController.swift */; };
		B542851D2151EC87004BFFE9 /* bumenguanli.png in Resources */ = {isa = PBXBuildFile; fileRef = B542851C2151EC87004BFFE9 /* bumenguanli.png */; };
		B54F896F21EECDF900BEF4C8 /* MainViewController.swift in Sources */ = {isa = PBXBuildFile; fileRef = B54F896E21EECDF900BEF4C8 /* MainViewController.swift */; };
		B54F897121EED7BA00BEF4C8 /* NavigationController.swift in Sources */ = {isa = PBXBuildFile; fileRef = B54F897021EED7BA00BEF4C8 /* NavigationController.swift */; };
		B5698B9A21E8431B00682EA7 /* BaseViewController.swift in Sources */ = {isa = PBXBuildFile; fileRef = B5698B9921E8431B00682EA7 /* BaseViewController.swift */; };
		B5810320214FC7F000A68C92 /* AppDelegate.swift in Sources */ = {isa = PBXBuildFile; fileRef = B581031F214FC7F000A68C92 /* AppDelegate.swift */; };
		B5810322214FC7F000A68C92 /* ViewController.swift in Sources */ = {isa = PBXBuildFile; fileRef = B5810321214FC7F000A68C92 /* ViewController.swift */; };
		B5810325214FC7F000A68C92 /* Main.storyboard in Resources */ = {isa = PBXBuildFile; fileRef = B5810323214FC7F000A68C92 /* Main.storyboard */; };
		B5810327214FC7F100A68C92 /* Assets.xcassets in Resources */ = {isa = PBXBuildFile; fileRef = B5810326214FC7F100A68C92 /* Assets.xcassets */; };
		B581032A214FC7F100A68C92 /* LaunchScreen.storyboard in Resources */ = {isa = PBXBuildFile; fileRef = B5810328214FC7F100A68C92 /* LaunchScreen.storyboard */; };
		B5810335214FC7F100A68C92 /* qiaojieTests.swift in Sources */ = {isa = PBXBuildFile; fileRef = B5810334214FC7F100A68C92 /* qiaojieTests.swift */; };
		B5810340214FC7F100A68C92 /* qiaojieUITests.swift in Sources */ = {isa = PBXBuildFile; fileRef = B581033F214FC7F100A68C92 /* qiaojieUITests.swift */; };
		B58609D121511A33000EF80C /* v2ViewController.swift in Sources */ = {isa = PBXBuildFile; fileRef = B58609D021511A33000EF80C /* v2ViewController.swift */; };
		B58609D421511A52000EF80C /* v3ViewController.swift in Sources */ = {isa = PBXBuildFile; fileRef = B58609D321511A52000EF80C /* v3ViewController.swift */; };
		B5B0908D215B67DE00832937 /* Goods.swift in Sources */ = {isa = PBXBuildFile; fileRef = B5B0908C215B67DE00832937 /* Goods.swift */; };
		B5B0908F215B67E500832937 /* GoodsTableViewCell.swift in Sources */ = {isa = PBXBuildFile; fileRef = B5B0908E215B67E500832937 /* GoodsTableViewCell.swift */; };
		B5B090BF215B681000832937 /* MJRefreshAutoFooter.m in Sources */ = {isa = PBXBuildFile; fileRef = B5B09093215B681000832937 /* MJRefreshAutoFooter.m */; };
		B5B090C0215B681000832937 /* MJRefreshBackFooter.m in Sources */ = {isa = PBXBuildFile; fileRef = B5B09095215B681000832937 /* MJRefreshBackFooter.m */; };
		B5B090C1215B681000832937 /* MJRefreshComponent.m in Sources */ = {isa = PBXBuildFile; fileRef = B5B09097215B681000832937 /* MJRefreshComponent.m */; };
		B5B090C2215B681000832937 /* MJRefreshFooter.m in Sources */ = {isa = PBXBuildFile; fileRef = B5B09099215B681000832937 /* MJRefreshFooter.m */; };
		B5B090C3215B681000832937 /* MJRefreshHeader.m in Sources */ = {isa = PBXBuildFile; fileRef = B5B0909B215B681000832937 /* MJRefreshHeader.m */; };
		B5B090C4215B681000832937 /* MJRefreshAutoGifFooter.m in Sources */ = {isa = PBXBuildFile; fileRef = B5B090A0215B681000832937 /* MJRefreshAutoGifFooter.m */; };
		B5B090C5215B681000832937 /* MJRefreshAutoNormalFooter.m in Sources */ = {isa = PBXBuildFile; fileRef = B5B090A2215B681000832937 /* MJRefreshAutoNormalFooter.m */; };
		B5B090C6215B681000832937 /* MJRefreshAutoStateFooter.m in Sources */ = {isa = PBXBuildFile; fileRef = B5B090A4215B681000832937 /* MJRefreshAutoStateFooter.m */; };
		B5B090C7215B681000832937 /* MJRefreshBackGifFooter.m in Sources */ = {isa = PBXBuildFile; fileRef = B5B090A7215B681000832937 /* MJRefreshBackGifFooter.m */; };
		B5B090C8215B681000832937 /* MJRefreshBackNormalFooter.m in Sources */ = {isa = PBXBuildFile; fileRef = B5B090A9215B681000832937 /* MJRefreshBackNormalFooter.m */; };
		B5B090C9215B681000832937 /* MJRefreshBackStateFooter.m in Sources */ = {isa = PBXBuildFile; fileRef = B5B090AB215B681000832937 /* MJRefreshBackStateFooter.m */; };
		B5B090CA215B681000832937 /* MJRefreshGifHeader.m in Sources */ = {isa = PBXBuildFile; fileRef = B5B090AE215B681000832937 /* MJRefreshGifHeader.m */; };
		B5B090CB215B681000832937 /* MJRefreshNormalHeader.m in Sources */ = {isa = PBXBuildFile; fileRef = B5B090B0215B681000832937 /* MJRefreshNormalHeader.m */; };
		B5B090CC215B681000832937 /* MJRefreshStateHeader.m in Sources */ = {isa = PBXBuildFile; fileRef = B5B090B2215B681000832937 /* MJRefreshStateHeader.m */; };
		B5B090CD215B681000832937 /* MJRefresh.bundle in Resources */ = {isa = PBXBuildFile; fileRef = B5B090B3215B681000832937 /* MJRefresh.bundle */; };
		B5B090CE215B681000832937 /* MJRefreshConst.m in Sources */ = {isa = PBXBuildFile; fileRef = B5B090B6215B681000832937 /* MJRefreshConst.m */; };
		B5B090CF215B681000832937 /* NSBundle+MJRefresh.m in Sources */ = {isa = PBXBuildFile; fileRef = B5B090B8215B681000832937 /* NSBundle+MJRefresh.m */; };
		B5B090D0215B681000832937 /* UIScrollView+MJExtension.m in Sources */ = {isa = PBXBuildFile; fileRef = B5B090BA215B681000832937 /* UIScrollView+MJExtension.m */; };
		B5B090D1215B681000832937 /* UIScrollView+MJRefresh.m in Sources */ = {isa = PBXBuildFile; fileRef = B5B090BC215B681000832937 /* UIScrollView+MJRefresh.m */; };
		B5B090D2215B681000832937 /* UIView+MJExtension.m in Sources */ = {isa = PBXBuildFile; fileRef = B5B090BE215B681000832937 /* UIView+MJExtension.m */; };
		B5B090D4215B6D2A00832937 /* HistoryRecord.swift in Sources */ = {isa = PBXBuildFile; fileRef = B5B090D3215B6D2A00832937 /* HistoryRecord.swift */; };
		B5B090D6215B6DE000832937 /* HistoryRecordTableViewCell.swift in Sources */ = {isa = PBXBuildFile; fileRef = B5B090D5215B6DE000832937 /* HistoryRecordTableViewCell.swift */; };
		B5B090D8215B71B400832937 /* HistoryRecordViewController.swift in Sources */ = {isa = PBXBuildFile; fileRef = B5B090D7215B71B400832937 /* HistoryRecordViewController.swift */; };
/* End PBXBuildFile section */

/* Begin PBXContainerItemProxy section */
		B5810331214FC7F100A68C92 /* PBXContainerItemProxy */ = {
			isa = PBXContainerItemProxy;
			containerPortal = B5810314214FC7F000A68C92 /* Project object */;
			proxyType = 1;
			remoteGlobalIDString = B581031B214FC7F000A68C92;
			remoteInfo = qiaojie;
		};
		B581033C214FC7F100A68C92 /* PBXContainerItemProxy */ = {
			isa = PBXContainerItemProxy;
			containerPortal = B5810314214FC7F000A68C92 /* Project object */;
			proxyType = 1;
			remoteGlobalIDString = B581031B214FC7F000A68C92;
			remoteInfo = qiaojie;
		};
/* End PBXContainerItemProxy section */

/* Begin PBXFileReference section */
		32F02F77CD58418AF4204530 /* Pods-qiaojie.release.xcconfig */ = {isa = PBXFileReference; includeInIndex = 1; lastKnownFileType = text.xcconfig; name = "Pods-qiaojie.release.xcconfig"; path = "Pods/Target Support Files/Pods-qiaojie/Pods-qiaojie.release.xcconfig"; sourceTree = "<group>"; };
		7912382DE1C5BE0B41AE383F /* Pods-qiaojie.debug.xcconfig */ = {isa = PBXFileReference; includeInIndex = 1; lastKnownFileType = text.xcconfig; name = "Pods-qiaojie.debug.xcconfig"; path = "Pods/Target Support Files/Pods-qiaojie/Pods-qiaojie.debug.xcconfig"; sourceTree = "<group>"; };
		9F89E096589E8A15FA1ABA1F /* Pods_qiaojie.framework */ = {isa = PBXFileReference; explicitFileType = wrapper.framework; includeInIndex = 0; path = Pods_qiaojie.framework; sourceTree = BUILT_PRODUCTS_DIR; };
		B521851B21EDE7E800543335 /* NetworkTarget.swift */ = {isa = PBXFileReference; lastKnownFileType = sourcecode.swift; path = NetworkTarget.swift; sourceTree = "<group>"; };
		B532E68921FEED8F0037E349 /* Viewdelegate.swift */ = {isa = PBXFileReference; lastKnownFileType = sourcecode.swift; path = Viewdelegate.swift; sourceTree = "<group>"; };
		B532E68B21FEEE8F0037E349 /* DelegateViewController.swift */ = {isa = PBXFileReference; lastKnownFileType = sourcecode.swift; path = DelegateViewController.swift; sourceTree = "<group>"; };
		B532E68D21FF0FE40037E349 /* DemoViewController.swift */ = {isa = PBXFileReference; lastKnownFileType = sourcecode.swift; path = DemoViewController.swift; sourceTree = "<group>"; };
		B54285142151E856004BFFE9 /* v4ViewController.swift */ = {isa = PBXFileReference; lastKnownFileType = sourcecode.swift; path = v4ViewController.swift; sourceTree = "<group>"; };
		B54285162151E869004BFFE9 /* v5ViewController.swift */ = {isa = PBXFileReference; lastKnownFileType = sourcecode.swift; path = v5ViewController.swift; sourceTree = "<group>"; };
		B54285182151E875004BFFE9 /* v6ViewController.swift */ = {isa = PBXFileReference; lastKnownFileType = sourcecode.swift; path = v6ViewController.swift; sourceTree = "<group>"; };
		B542851A2151E880004BFFE9 /* v7ViewController.swift */ = {isa = PBXFileReference; lastKnownFileType = sourcecode.swift; path = v7ViewController.swift; sourceTree = "<group>"; };
		B542851C2151EC87004BFFE9 /* bumenguanli.png */ = {isa = PBXFileReference; lastKnownFileType = image.png; path = bumenguanli.png; sourceTree = "<group>"; };
		B54F896E21EECDF900BEF4C8 /* MainViewController.swift */ = {isa = PBXFileReference; lastKnownFileType = sourcecode.swift; path = MainViewController.swift; sourceTree = "<group>"; };
		B54F897021EED7BA00BEF4C8 /* NavigationController.swift */ = {isa = PBXFileReference; lastKnownFileType = sourcecode.swift; path = NavigationController.swift; sourceTree = "<group>"; };
		B5698B9921E8431B00682EA7 /* BaseViewController.swift */ = {isa = PBXFileReference; lastKnownFileType = sourcecode.swift; path = BaseViewController.swift; sourceTree = "<group>"; };
		B581031C214FC7F000A68C92 /* qiaojie.app */ = {isa = PBXFileReference; explicitFileType = wrapper.application; includeInIndex = 0; path = qiaojie.app; sourceTree = BUILT_PRODUCTS_DIR; };
		B581031F214FC7F000A68C92 /* AppDelegate.swift */ = {isa = PBXFileReference; lastKnownFileType = sourcecode.swift; path = AppDelegate.swift; sourceTree = "<group>"; };
		B5810321214FC7F000A68C92 /* ViewController.swift */ = {isa = PBXFileReference; lastKnownFileType = sourcecode.swift; path = ViewController.swift; sourceTree = "<group>"; };
		B5810324214FC7F000A68C92 /* Base */ = {isa = PBXFileReference; lastKnownFileType = file.storyboard; name = Base; path = Base.lproj/Main.storyboard; sourceTree = "<group>"; };
		B5810326214FC7F100A68C92 /* Assets.xcassets */ = {isa = PBXFileReference; lastKnownFileType = folder.assetcatalog; path = Assets.xcassets; sourceTree = "<group>"; };
		B5810329214FC7F100A68C92 /* Base */ = {isa = PBXFileReference; lastKnownFileType = file.storyboard; name = Base; path = Base.lproj/LaunchScreen.storyboard; sourceTree = "<group>"; };
		B581032B214FC7F100A68C92 /* Info.plist */ = {isa = PBXFileReference; lastKnownFileType = text.plist.xml; path = Info.plist; sourceTree = "<group>"; };
		B5810330214FC7F100A68C92 /* qiaojieTests.xctest */ = {isa = PBXFileReference; explicitFileType = wrapper.cfbundle; includeInIndex = 0; path = qiaojieTests.xctest; sourceTree = BUILT_PRODUCTS_DIR; };
		B5810334214FC7F100A68C92 /* qiaojieTests.swift */ = {isa = PBXFileReference; lastKnownFileType = sourcecode.swift; path = qiaojieTests.swift; sourceTree = "<group>"; };
		B5810336214FC7F100A68C92 /* Info.plist */ = {isa = PBXFileReference; lastKnownFileType = text.plist.xml; path = Info.plist; sourceTree = "<group>"; };
		B581033B214FC7F100A68C92 /* qiaojieUITests.xctest */ = {isa = PBXFileReference; explicitFileType = wrapper.cfbundle; includeInIndex = 0; path = qiaojieUITests.xctest; sourceTree = BUILT_PRODUCTS_DIR; };
		B581033F214FC7F100A68C92 /* qiaojieUITests.swift */ = {isa = PBXFileReference; lastKnownFileType = sourcecode.swift; path = qiaojieUITests.swift; sourceTree = "<group>"; };
		B5810341214FC7F100A68C92 /* Info.plist */ = {isa = PBXFileReference; lastKnownFileType = text.plist.xml; path = Info.plist; sourceTree = "<group>"; };
		B581034D214FC84100A68C92 /* qiaojie-Bridging-Header.h */ = {isa = PBXFileReference; lastKnownFileType = sourcecode.c.h; path = "qiaojie-Bridging-Header.h"; sourceTree = "<group>"; };
		B58609D021511A33000EF80C /* v2ViewController.swift */ = {isa = PBXFileReference; lastKnownFileType = sourcecode.swift; path = v2ViewController.swift; sourceTree = "<group>"; };
		B58609D321511A52000EF80C /* v3ViewController.swift */ = {isa = PBXFileReference; lastKnownFileType = sourcecode.swift; path = v3ViewController.swift; sourceTree = "<group>"; };
		B5B0908C215B67DE00832937 /* Goods.swift */ = {isa = PBXFileReference; fileEncoding = 4; lastKnownFileType = sourcecode.swift; path = Goods.swift; sourceTree = "<group>"; };
		B5B0908E215B67E500832937 /* GoodsTableViewCell.swift */ = {isa = PBXFileReference; fileEncoding = 4; lastKnownFileType = sourcecode.swift; path = GoodsTableViewCell.swift; sourceTree = "<group>"; };
		B5B09092215B681000832937 /* MJRefreshAutoFooter.h */ = {isa = PBXFileReference; fileEncoding = 4; lastKnownFileType = sourcecode.c.h; path = MJRefreshAutoFooter.h; sourceTree = "<group>"; };
		B5B09093215B681000832937 /* MJRefreshAutoFooter.m */ = {isa = PBXFileReference; fileEncoding = 4; lastKnownFileType = sourcecode.c.objc; path = MJRefreshAutoFooter.m; sourceTree = "<group>"; };
		B5B09094215B681000832937 /* MJRefreshBackFooter.h */ = {isa = PBXFileReference; fileEncoding = 4; lastKnownFileType = sourcecode.c.h; path = MJRefreshBackFooter.h; sourceTree = "<group>"; };
		B5B09095215B681000832937 /* MJRefreshBackFooter.m */ = {isa = PBXFileReference; fileEncoding = 4; lastKnownFileType = sourcecode.c.objc; path = MJRefreshBackFooter.m; sourceTree = "<group>"; };
		B5B09096215B681000832937 /* MJRefreshComponent.h */ = {isa = PBXFileReference; fileEncoding = 4; lastKnownFileType = sourcecode.c.h; path = MJRefreshComponent.h; sourceTree = "<group>"; };
		B5B09097215B681000832937 /* MJRefreshComponent.m */ = {isa = PBXFileReference; fileEncoding = 4; lastKnownFileType = sourcecode.c.objc; path = MJRefreshComponent.m; sourceTree = "<group>"; };
		B5B09098215B681000832937 /* MJRefreshFooter.h */ = {isa = PBXFileReference; fileEncoding = 4; lastKnownFileType = sourcecode.c.h; path = MJRefreshFooter.h; sourceTree = "<group>"; };
		B5B09099215B681000832937 /* MJRefreshFooter.m */ = {isa = PBXFileReference; fileEncoding = 4; lastKnownFileType = sourcecode.c.objc; path = MJRefreshFooter.m; sourceTree = "<group>"; };
		B5B0909A215B681000832937 /* MJRefreshHeader.h */ = {isa = PBXFileReference; fileEncoding = 4; lastKnownFileType = sourcecode.c.h; path = MJRefreshHeader.h; sourceTree = "<group>"; };
		B5B0909B215B681000832937 /* MJRefreshHeader.m */ = {isa = PBXFileReference; fileEncoding = 4; lastKnownFileType = sourcecode.c.objc; path = MJRefreshHeader.m; sourceTree = "<group>"; };
		B5B0909F215B681000832937 /* MJRefreshAutoGifFooter.h */ = {isa = PBXFileReference; fileEncoding = 4; lastKnownFileType = sourcecode.c.h; path = MJRefreshAutoGifFooter.h; sourceTree = "<group>"; };
		B5B090A0215B681000832937 /* MJRefreshAutoGifFooter.m */ = {isa = PBXFileReference; fileEncoding = 4; lastKnownFileType = sourcecode.c.objc; path = MJRefreshAutoGifFooter.m; sourceTree = "<group>"; };
		B5B090A1215B681000832937 /* MJRefreshAutoNormalFooter.h */ = {isa = PBXFileReference; fileEncoding = 4; lastKnownFileType = sourcecode.c.h; path = MJRefreshAutoNormalFooter.h; sourceTree = "<group>"; };
		B5B090A2215B681000832937 /* MJRefreshAutoNormalFooter.m */ = {isa = PBXFileReference; fileEncoding = 4; lastKnownFileType = sourcecode.c.objc; path = MJRefreshAutoNormalFooter.m; sourceTree = "<group>"; };
		B5B090A3215B681000832937 /* MJRefreshAutoStateFooter.h */ = {isa = PBXFileReference; fileEncoding = 4; lastKnownFileType = sourcecode.c.h; path = MJRefreshAutoStateFooter.h; sourceTree = "<group>"; };
		B5B090A4215B681000832937 /* MJRefreshAutoStateFooter.m */ = {isa = PBXFileReference; fileEncoding = 4; lastKnownFileType = sourcecode.c.objc; path = MJRefreshAutoStateFooter.m; sourceTree = "<group>"; };
		B5B090A6215B681000832937 /* MJRefreshBackGifFooter.h */ = {isa = PBXFileReference; fileEncoding = 4; lastKnownFileType = sourcecode.c.h; path = MJRefreshBackGifFooter.h; sourceTree = "<group>"; };
		B5B090A7215B681000832937 /* MJRefreshBackGifFooter.m */ = {isa = PBXFileReference; fileEncoding = 4; lastKnownFileType = sourcecode.c.objc; path = MJRefreshBackGifFooter.m; sourceTree = "<group>"; };
		B5B090A8215B681000832937 /* MJRefreshBackNormalFooter.h */ = {isa = PBXFileReference; fileEncoding = 4; lastKnownFileType = sourcecode.c.h; path = MJRefreshBackNormalFooter.h; sourceTree = "<group>"; };
		B5B090A9215B681000832937 /* MJRefreshBackNormalFooter.m */ = {isa = PBXFileReference; fileEncoding = 4; lastKnownFileType = sourcecode.c.objc; path = MJRefreshBackNormalFooter.m; sourceTree = "<group>"; };
		B5B090AA215B681000832937 /* MJRefreshBackStateFooter.h */ = {isa = PBXFileReference; fileEncoding = 4; lastKnownFileType = sourcecode.c.h; path = MJRefreshBackStateFooter.h; sourceTree = "<group>"; };
		B5B090AB215B681000832937 /* MJRefreshBackStateFooter.m */ = {isa = PBXFileReference; fileEncoding = 4; lastKnownFileType = sourcecode.c.objc; path = MJRefreshBackStateFooter.m; sourceTree = "<group>"; };
		B5B090AD215B681000832937 /* MJRefreshGifHeader.h */ = {isa = PBXFileReference; fileEncoding = 4; lastKnownFileType = sourcecode.c.h; path = MJRefreshGifHeader.h; sourceTree = "<group>"; };
		B5B090AE215B681000832937 /* MJRefreshGifHeader.m */ = {isa = PBXFileReference; fileEncoding = 4; lastKnownFileType = sourcecode.c.objc; path = MJRefreshGifHeader.m; sourceTree = "<group>"; };
		B5B090AF215B681000832937 /* MJRefreshNormalHeader.h */ = {isa = PBXFileReference; fileEncoding = 4; lastKnownFileType = sourcecode.c.h; path = MJRefreshNormalHeader.h; sourceTree = "<group>"; };
		B5B090B0215B681000832937 /* MJRefreshNormalHeader.m */ = {isa = PBXFileReference; fileEncoding = 4; lastKnownFileType = sourcecode.c.objc; path = MJRefreshNormalHeader.m; sourceTree = "<group>"; };
		B5B090B1215B681000832937 /* MJRefreshStateHeader.h */ = {isa = PBXFileReference; fileEncoding = 4; lastKnownFileType = sourcecode.c.h; path = MJRefreshStateHeader.h; sourceTree = "<group>"; };
		B5B090B2215B681000832937 /* MJRefreshStateHeader.m */ = {isa = PBXFileReference; fileEncoding = 4; lastKnownFileType = sourcecode.c.objc; path = MJRefreshStateHeader.m; sourceTree = "<group>"; };
		B5B090B3215B681000832937 /* MJRefresh.bundle */ = {isa = PBXFileReference; lastKnownFileType = "wrapper.plug-in"; path = MJRefresh.bundle; sourceTree = "<group>"; };
		B5B090B4215B681000832937 /* MJRefresh.h */ = {isa = PBXFileReference; fileEncoding = 4; lastKnownFileType = sourcecode.c.h; path = MJRefresh.h; sourceTree = "<group>"; };
		B5B090B5215B681000832937 /* MJRefreshConst.h */ = {isa = PBXFileReference; fileEncoding = 4; lastKnownFileType = sourcecode.c.h; path = MJRefreshConst.h; sourceTree = "<group>"; };
		B5B090B6215B681000832937 /* MJRefreshConst.m */ = {isa = PBXFileReference; fileEncoding = 4; lastKnownFileType = sourcecode.c.objc; path = MJRefreshConst.m; sourceTree = "<group>"; };
		B5B090B7215B681000832937 /* NSBundle+MJRefresh.h */ = {isa = PBXFileReference; fileEncoding = 4; lastKnownFileType = sourcecode.c.h; path = "NSBundle+MJRefresh.h"; sourceTree = "<group>"; };
		B5B090B8215B681000832937 /* NSBundle+MJRefresh.m */ = {isa = PBXFileReference; fileEncoding = 4; lastKnownFileType = sourcecode.c.objc; path = "NSBundle+MJRefresh.m"; sourceTree = "<group>"; };
		B5B090B9215B681000832937 /* UIScrollView+MJExtension.h */ = {isa = PBXFileReference; fileEncoding = 4; lastKnownFileType = sourcecode.c.h; path = "UIScrollView+MJExtension.h"; sourceTree = "<group>"; };
		B5B090BA215B681000832937 /* UIScrollView+MJExtension.m */ = {isa = PBXFileReference; fileEncoding = 4; lastKnownFileType = sourcecode.c.objc; path = "UIScrollView+MJExtension.m"; sourceTree = "<group>"; };
		B5B090BB215B681000832937 /* UIScrollView+MJRefresh.h */ = {isa = PBXFileReference; fileEncoding = 4; lastKnownFileType = sourcecode.c.h; path = "UIScrollView+MJRefresh.h"; sourceTree = "<group>"; };
		B5B090BC215B681000832937 /* UIScrollView+MJRefresh.m */ = {isa = PBXFileReference; fileEncoding = 4; lastKnownFileType = sourcecode.c.objc; path = "UIScrollView+MJRefresh.m"; sourceTree = "<group>"; };
		B5B090BD215B681000832937 /* UIView+MJExtension.h */ = {isa = PBXFileReference; fileEncoding = 4; lastKnownFileType = sourcecode.c.h; path = "UIView+MJExtension.h"; sourceTree = "<group>"; };
		B5B090BE215B681000832937 /* UIView+MJExtension.m */ = {isa = PBXFileReference; fileEncoding = 4; lastKnownFileType = sourcecode.c.objc; path = "UIView+MJExtension.m"; sourceTree = "<group>"; };
		B5B090D3215B6D2A00832937 /* HistoryRecord.swift */ = {isa = PBXFileReference; lastKnownFileType = sourcecode.swift; path = HistoryRecord.swift; sourceTree = "<group>"; };
		B5B090D5215B6DE000832937 /* HistoryRecordTableViewCell.swift */ = {isa = PBXFileReference; lastKnownFileType = sourcecode.swift; path = HistoryRecordTableViewCell.swift; sourceTree = "<group>"; };
		B5B090D7215B71B400832937 /* HistoryRecordViewController.swift */ = {isa = PBXFileReference; lastKnownFileType = sourcecode.swift; path = HistoryRecordViewController.swift; sourceTree = "<group>"; };
/* End PBXFileReference section */

/* Begin PBXFrameworksBuildPhase section */
		B5810319214FC7F000A68C92 /* Frameworks */ = {
			isa = PBXFrameworksBuildPhase;
			buildActionMask = 2147483647;
			files = (
				2A9CEF6C074DD65D24E7E02A /* Pods_qiaojie.framework in Frameworks */,
			);
			runOnlyForDeploymentPostprocessing = 0;
		};
		B581032D214FC7F100A68C92 /* Frameworks */ = {
			isa = PBXFrameworksBuildPhase;
			buildActionMask = 2147483647;
			files = (
			);
			runOnlyForDeploymentPostprocessing = 0;
		};
		B5810338214FC7F100A68C92 /* Frameworks */ = {
			isa = PBXFrameworksBuildPhase;
			buildActionMask = 2147483647;
			files = (
			);
			runOnlyForDeploymentPostprocessing = 0;
		};
/* End PBXFrameworksBuildPhase section */

/* Begin PBXGroup section */
		B532E68521FEED3E0037E349 /* view */ = {
			isa = PBXGroup;
			children = (
				B532E68921FEED8F0037E349 /* Viewdelegate.swift */,
			);
			name = view;
			sourceTree = "<group>";
		};
		B5810313214FC7F000A68C92 = {
			isa = PBXGroup;
			children = (
				B581031E214FC7F000A68C92 /* qiaojie */,
				B5810333214FC7F100A68C92 /* qiaojieTests */,
				B581033E214FC7F100A68C92 /* qiaojieUITests */,
				B581031D214FC7F000A68C92 /* Products */,
				E550621B07B7CC11C604E12B /* Pods */,
				D2B16637512B88F1F414C48E /* Frameworks */,
			);
			sourceTree = "<group>";
		};
		B581031D214FC7F000A68C92 /* Products */ = {
			isa = PBXGroup;
			children = (
				B581031C214FC7F000A68C92 /* qiaojie.app */,
				B5810330214FC7F100A68C92 /* qiaojieTests.xctest */,
				B581033B214FC7F100A68C92 /* qiaojieUITests.xctest */,
			);
			name = Products;
			sourceTree = "<group>";
		};
		B581031E214FC7F000A68C92 /* qiaojie */ = {
			isa = PBXGroup;
			children = (
				B58609CF215118DC000EF80C /* con */,
				B5810350214FC95900A68C92 /* third */,
				B581031F214FC7F000A68C92 /* AppDelegate.swift */,
				B5810321214FC7F000A68C92 /* ViewController.swift */,
				B5810323214FC7F000A68C92 /* Main.storyboard */,
				B5810326214FC7F100A68C92 /* Assets.xcassets */,
				B542851C2151EC87004BFFE9 /* bumenguanli.png */,
				B5810328214FC7F100A68C92 /* LaunchScreen.storyboard */,
				B581032B214FC7F100A68C92 /* Info.plist */,
				B581034D214FC84100A68C92 /* qiaojie-Bridging-Header.h */,
				B54F896E21EECDF900BEF4C8 /* MainViewController.swift */,
			);
			path = qiaojie;
			sourceTree = "<group>";
		};
		B5810333214FC7F100A68C92 /* qiaojieTests */ = {
			isa = PBXGroup;
			children = (
				B5810334214FC7F100A68C92 /* qiaojieTests.swift */,
				B5810336214FC7F100A68C92 /* Info.plist */,
			);
			path = qiaojieTests;
			sourceTree = "<group>";
		};
		B581033E214FC7F100A68C92 /* qiaojieUITests */ = {
			isa = PBXGroup;
			children = (
				B581033F214FC7F100A68C92 /* qiaojieUITests.swift */,
				B5810341214FC7F100A68C92 /* Info.plist */,
			);
			path = qiaojieUITests;
			sourceTree = "<group>";
		};
		B5810350214FC95900A68C92 /* third */ = {
			isa = PBXGroup;
			children = (
				B5B09090215B681000832937 /* MJRefresh */,
			);
			path = third;
			sourceTree = "<group>";
		};
		B58609CF215118DC000EF80C /* con */ = {
			isa = PBXGroup;
			children = (
				B532E68521FEED3E0037E349 /* view */,
				B58609D221511A37000EF80C /* New Group */,
				B58609D021511A33000EF80C /* v2ViewController.swift */,
				B58609D321511A52000EF80C /* v3ViewController.swift */,
				B532E68D21FF0FE40037E349 /* DemoViewController.swift */,
				B54285142151E856004BFFE9 /* v4ViewController.swift */,
				B54285162151E869004BFFE9 /* v5ViewController.swift */,
				B54285182151E875004BFFE9 /* v6ViewController.swift */,
				B542851A2151E880004BFFE9 /* v7ViewController.swift */,
				B5B090D7215B71B400832937 /* HistoryRecordViewController.swift */,
				B5698B9921E8431B00682EA7 /* BaseViewController.swift */,
				B521851B21EDE7E800543335 /* NetworkTarget.swift */,
				B54F897021EED7BA00BEF4C8 /* NavigationController.swift */,
				B532E68B21FEEE8F0037E349 /* DelegateViewController.swift */,
			);
			path = con;
			sourceTree = "<group>";
		};
		B58609D221511A37000EF80C /* New Group */ = {
			isa = PBXGroup;
			children = (
				B5B0908E215B67E500832937 /* GoodsTableViewCell.swift */,
				B5B0908C215B67DE00832937 /* Goods.swift */,
				B5B090D3215B6D2A00832937 /* HistoryRecord.swift */,
				B5B090D5215B6DE000832937 /* HistoryRecordTableViewCell.swift */,
			);
			path = "New Group";
			sourceTree = "<group>";
		};
		B5B09090215B681000832937 /* MJRefresh */ = {
			isa = PBXGroup;
			children = (
				B5B09091215B681000832937 /* Base */,
				B5B0909C215B681000832937 /* Custom */,
				B5B090B3215B681000832937 /* MJRefresh.bundle */,
				B5B090B4215B681000832937 /* MJRefresh.h */,
				B5B090B5215B681000832937 /* MJRefreshConst.h */,
				B5B090B6215B681000832937 /* MJRefreshConst.m */,
				B5B090B7215B681000832937 /* NSBundle+MJRefresh.h */,
				B5B090B8215B681000832937 /* NSBundle+MJRefresh.m */,
				B5B090B9215B681000832937 /* UIScrollView+MJExtension.h */,
				B5B090BA215B681000832937 /* UIScrollView+MJExtension.m */,
				B5B090BB215B681000832937 /* UIScrollView+MJRefresh.h */,
				B5B090BC215B681000832937 /* UIScrollView+MJRefresh.m */,
				B5B090BD215B681000832937 /* UIView+MJExtension.h */,
				B5B090BE215B681000832937 /* UIView+MJExtension.m */,
			);
			path = MJRefresh;
			sourceTree = "<group>";
		};
		B5B09091215B681000832937 /* Base */ = {
			isa = PBXGroup;
			children = (
				B5B09092215B681000832937 /* MJRefreshAutoFooter.h */,
				B5B09093215B681000832937 /* MJRefreshAutoFooter.m */,
				B5B09094215B681000832937 /* MJRefreshBackFooter.h */,
				B5B09095215B681000832937 /* MJRefreshBackFooter.m */,
				B5B09096215B681000832937 /* MJRefreshComponent.h */,
				B5B09097215B681000832937 /* MJRefreshComponent.m */,
				B5B09098215B681000832937 /* MJRefreshFooter.h */,
				B5B09099215B681000832937 /* MJRefreshFooter.m */,
				B5B0909A215B681000832937 /* MJRefreshHeader.h */,
				B5B0909B215B681000832937 /* MJRefreshHeader.m */,
			);
			path = Base;
			sourceTree = "<group>";
		};
		B5B0909C215B681000832937 /* Custom */ = {
			isa = PBXGroup;
			children = (
				B5B0909D215B681000832937 /* Footer */,
				B5B090AC215B681000832937 /* Header */,
			);
			path = Custom;
			sourceTree = "<group>";
		};
		B5B0909D215B681000832937 /* Footer */ = {
			isa = PBXGroup;
			children = (
				B5B0909E215B681000832937 /* Auto */,
				B5B090A5215B681000832937 /* Back */,
			);
			path = Footer;
			sourceTree = "<group>";
		};
		B5B0909E215B681000832937 /* Auto */ = {
			isa = PBXGroup;
			children = (
				B5B0909F215B681000832937 /* MJRefreshAutoGifFooter.h */,
				B5B090A0215B681000832937 /* MJRefreshAutoGifFooter.m */,
				B5B090A1215B681000832937 /* MJRefreshAutoNormalFooter.h */,
				B5B090A2215B681000832937 /* MJRefreshAutoNormalFooter.m */,
				B5B090A3215B681000832937 /* MJRefreshAutoStateFooter.h */,
				B5B090A4215B681000832937 /* MJRefreshAutoStateFooter.m */,
			);
			path = Auto;
			sourceTree = "<group>";
		};
		B5B090A5215B681000832937 /* Back */ = {
			isa = PBXGroup;
			children = (
				B5B090A6215B681000832937 /* MJRefreshBackGifFooter.h */,
				B5B090A7215B681000832937 /* MJRefreshBackGifFooter.m */,
				B5B090A8215B681000832937 /* MJRefreshBackNormalFooter.h */,
				B5B090A9215B681000832937 /* MJRefreshBackNormalFooter.m */,
				B5B090AA215B681000832937 /* MJRefreshBackStateFooter.h */,
				B5B090AB215B681000832937 /* MJRefreshBackStateFooter.m */,
			);
			path = Back;
			sourceTree = "<group>";
		};
		B5B090AC215B681000832937 /* Header */ = {
			isa = PBXGroup;
			children = (
				B5B090AD215B681000832937 /* MJRefreshGifHeader.h */,
				B5B090AE215B681000832937 /* MJRefreshGifHeader.m */,
				B5B090AF215B681000832937 /* MJRefreshNormalHeader.h */,
				B5B090B0215B681000832937 /* MJRefreshNormalHeader.m */,
				B5B090B1215B681000832937 /* MJRefreshStateHeader.h */,
				B5B090B2215B681000832937 /* MJRefreshStateHeader.m */,
			);
			path = Header;
			sourceTree = "<group>";
		};
		D2B16637512B88F1F414C48E /* Frameworks */ = {
			isa = PBXGroup;
			children = (
				9F89E096589E8A15FA1ABA1F /* Pods_qiaojie.framework */,
			);
			name = Frameworks;
			sourceTree = "<group>";
		};
		E550621B07B7CC11C604E12B /* Pods */ = {
			isa = PBXGroup;
			children = (
				7912382DE1C5BE0B41AE383F /* Pods-qiaojie.debug.xcconfig */,
				32F02F77CD58418AF4204530 /* Pods-qiaojie.release.xcconfig */,
			);
			name = Pods;
			sourceTree = "<group>";
		};
/* End PBXGroup section */

/* Begin PBXNativeTarget section */
		B581031B214FC7F000A68C92 /* qiaojie */ = {
			isa = PBXNativeTarget;
			buildConfigurationList = B5810344214FC7F100A68C92 /* Build configuration list for PBXNativeTarget "qiaojie" */;
			buildPhases = (
				6D46ADEA3321ED82E660E7F2 /* [CP] Check Pods Manifest.lock */,
				B5810318214FC7F000A68C92 /* Sources */,
				B5810319214FC7F000A68C92 /* Frameworks */,
				B581031A214FC7F000A68C92 /* Resources */,
				F6919AE699DE5C1635B6EDBC /* [CP] Embed Pods Frameworks */,
			);
			buildRules = (
			);
			dependencies = (
			);
			name = qiaojie;
			productName = qiaojie;
			productReference = B581031C214FC7F000A68C92 /* qiaojie.app */;
			productType = "com.apple.product-type.application";
		};
		B581032F214FC7F100A68C92 /* qiaojieTests */ = {
			isa = PBXNativeTarget;
			buildConfigurationList = B5810347214FC7F100A68C92 /* Build configuration list for PBXNativeTarget "qiaojieTests" */;
			buildPhases = (
				B581032C214FC7F100A68C92 /* Sources */,
				B581032D214FC7F100A68C92 /* Frameworks */,
				B581032E214FC7F100A68C92 /* Resources */,
			);
			buildRules = (
			);
			dependencies = (
				B5810332214FC7F100A68C92 /* PBXTargetDependency */,
			);
			name = qiaojieTests;
			productName = qiaojieTests;
			productReference = B5810330214FC7F100A68C92 /* qiaojieTests.xctest */;
			productType = "com.apple.product-type.bundle.unit-test";
		};
		B581033A214FC7F100A68C92 /* qiaojieUITests */ = {
			isa = PBXNativeTarget;
			buildConfigurationList = B581034A214FC7F100A68C92 /* Build configuration list for PBXNativeTarget "qiaojieUITests" */;
			buildPhases = (
				B5810337214FC7F100A68C92 /* Sources */,
				B5810338214FC7F100A68C92 /* Frameworks */,
				B5810339214FC7F100A68C92 /* Resources */,
			);
			buildRules = (
			);
			dependencies = (
				B581033D214FC7F100A68C92 /* PBXTargetDependency */,
			);
			name = qiaojieUITests;
			productName = qiaojieUITests;
			productReference = B581033B214FC7F100A68C92 /* qiaojieUITests.xctest */;
			productType = "com.apple.product-type.bundle.ui-testing";
		};
/* End PBXNativeTarget section */

/* Begin PBXProject section */
		B5810314214FC7F000A68C92 /* Project object */ = {
			isa = PBXProject;
			attributes = {
				LastSwiftUpdateCheck = 0940;
				LastUpgradeCheck = 0940;
				ORGANIZATIONNAME = "will-design-1";
				TargetAttributes = {
					B581031B214FC7F000A68C92 = {
						CreatedOnToolsVersion = 9.4.1;
						LastSwiftMigration = 0940;
					};
					B581032F214FC7F100A68C92 = {
						CreatedOnToolsVersion = 9.4.1;
						TestTargetID = B581031B214FC7F000A68C92;
					};
					B581033A214FC7F100A68C92 = {
						CreatedOnToolsVersion = 9.4.1;
						TestTargetID = B581031B214FC7F000A68C92;
					};
				};
			};
			buildConfigurationList = B5810317214FC7F000A68C92 /* Build configuration list for PBXProject "qiaojie" */;
			compatibilityVersion = "Xcode 9.3";
			developmentRegion = en;
			hasScannedForEncodings = 0;
			knownRegions = (
				en,
				Base,
			);
			mainGroup = B5810313214FC7F000A68C92;
			productRefGroup = B581031D214FC7F000A68C92 /* Products */;
			projectDirPath = "";
			projectRoot = "";
			targets = (
				B581031B214FC7F000A68C92 /* qiaojie */,
				B581032F214FC7F100A68C92 /* qiaojieTests */,
				B581033A214FC7F100A68C92 /* qiaojieUITests */,
			);
		};
/* End PBXProject section */

/* Begin PBXResourcesBuildPhase section */
		B581031A214FC7F000A68C92 /* Resources */ = {
			isa = PBXResourcesBuildPhase;
			buildActionMask = 2147483647;
			files = (
				B581032A214FC7F100A68C92 /* LaunchScreen.storyboard in Resources */,
				B5810327214FC7F100A68C92 /* Assets.xcassets in Resources */,
				B542851D2151EC87004BFFE9 /* bumenguanli.png in Resources */,
				B5B090CD215B681000832937 /* MJRefresh.bundle in Resources */,
				B5810325214FC7F000A68C92 /* Main.storyboard in Resources */,
			);
			runOnlyForDeploymentPostprocessing = 0;
		};
		B581032E214FC7F100A68C92 /* Resources */ = {
			isa = PBXResourcesBuildPhase;
			buildActionMask = 2147483647;
			files = (
			);
			runOnlyForDeploymentPostprocessing = 0;
		};
		B5810339214FC7F100A68C92 /* Resources */ = {
			isa = PBXResourcesBuildPhase;
			buildActionMask = 2147483647;
			files = (
			);
			runOnlyForDeploymentPostprocessing = 0;
		};
/* End PBXResourcesBuildPhase section */

/* Begin PBXShellScriptBuildPhase section */
		6D46ADEA3321ED82E660E7F2 /* [CP] Check Pods Manifest.lock */ = {
			isa = PBXShellScriptBuildPhase;
			buildActionMask = 2147483647;
			files = (
			);
			inputPaths = (
				"${PODS_PODFILE_DIR_PATH}/Podfile.lock",
				"${PODS_ROOT}/Manifest.lock",
			);
			name = "[CP] Check Pods Manifest.lock";
			outputPaths = (
				"$(DERIVED_FILE_DIR)/Pods-qiaojie-checkManifestLockResult.txt",
			);
			runOnlyForDeploymentPostprocessing = 0;
			shellPath = /bin/sh;
			shellScript = "diff \"${PODS_PODFILE_DIR_PATH}/Podfile.lock\" \"${PODS_ROOT}/Manifest.lock\" > /dev/null\nif [ $? != 0 ] ; then\n    # print error to STDERR\n    echo \"error: The sandbox is not in sync with the Podfile.lock. Run 'pod install' or update your CocoaPods installation.\" >&2\n    exit 1\nfi\n# This output is used by Xcode 'outputs' to avoid re-running this script phase.\necho \"SUCCESS\" > \"${SCRIPT_OUTPUT_FILE_0}\"\n";
			showEnvVarsInLog = 0;
		};
		F6919AE699DE5C1635B6EDBC /* [CP] Embed Pods Frameworks */ = {
			isa = PBXShellScriptBuildPhase;
			buildActionMask = 2147483647;
			files = (
			);
			inputPaths = (
				"${SRCROOT}/Pods/Target Support Files/Pods-qiaojie/Pods-qiaojie-frameworks.sh",
				"${BUILT_PRODUCTS_DIR}/Alamofire/Alamofire.framework",
				"${BUILT_PRODUCTS_DIR}/Differentiator/Differentiator.framework",
				"${BUILT_PRODUCTS_DIR}/Moya/Moya.framework",
				"${BUILT_PRODUCTS_DIR}/Result/Result.framework",
				"${BUILT_PRODUCTS_DIR}/RxCocoa/RxCocoa.framework",
				"${BUILT_PRODUCTS_DIR}/RxDataSources/RxDataSources.framework",
				"${BUILT_PRODUCTS_DIR}/RxSwift/RxSwift.framework",
				"${BUILT_PRODUCTS_DIR}/SwiftyJSON/SwiftyJSON.framework",
				"${BUILT_PRODUCTS_DIR}/WMPageController/WMPageController.framework",
			);
			name = "[CP] Embed Pods Frameworks";
			outputPaths = (
				"${TARGET_BUILD_DIR}/${FRAMEWORKS_FOLDER_PATH}/Alamofire.framework",
				"${TARGET_BUILD_DIR}/${FRAMEWORKS_FOLDER_PATH}/Differentiator.framework",
				"${TARGET_BUILD_DIR}/${FRAMEWORKS_FOLDER_PATH}/Moya.framework",
				"${TARGET_BUILD_DIR}/${FRAMEWORKS_FOLDER_PATH}/Result.framework",
				"${TARGET_BUILD_DIR}/${FRAMEWORKS_FOLDER_PATH}/RxCocoa.framework",
				"${TARGET_BUILD_DIR}/${FRAMEWORKS_FOLDER_PATH}/RxDataSources.framework",
				"${TARGET_BUILD_DIR}/${FRAMEWORKS_FOLDER_PATH}/RxSwift.framework",
				"${TARGET_BUILD_DIR}/${FRAMEWORKS_FOLDER_PATH}/SwiftyJSON.framework",
				"${TARGET_BUILD_DIR}/${FRAMEWORKS_FOLDER_PATH}/WMPageController.framework",
			);
			runOnlyForDeploymentPostprocessing = 0;
			shellPath = /bin/sh;
			shellScript = "\"${SRCROOT}/Pods/Target Support Files/Pods-qiaojie/Pods-qiaojie-frameworks.sh\"\n";
			showEnvVarsInLog = 0;
		};
/* End PBXShellScriptBuildPhase section */

/* Begin PBXSourcesBuildPhase section */
		B5810318214FC7F000A68C92 /* Sources */ = {
			isa = PBXSourcesBuildPhase;
			buildActionMask = 2147483647;
			files = (
				B5B090CE215B681000832937 /* MJRefreshConst.m in Sources */,
				B532E68C21FEEE8F0037E349 /* DelegateViewController.swift in Sources */,
				B5B090D2215B681000832937 /* UIView+MJExtension.m in Sources */,
				B5698B9A21E8431B00682EA7 /* BaseViewController.swift in Sources */,
				B58609D421511A52000EF80C /* v3ViewController.swift in Sources */,
				B5B090C4215B681000832937 /* MJRefreshAutoGifFooter.m in Sources */,
				B532E68E21FF0FE40037E349 /* DemoViewController.swift in Sources */,
				B5B090C0215B681000832937 /* MJRefreshBackFooter.m in Sources */,
				B5B090CA215B681000832937 /* MJRefreshGifHeader.m in Sources */,
				B5B090C7215B681000832937 /* MJRefreshBackGifFooter.m in Sources */,
				B5B090CC215B681000832937 /* MJRefreshStateHeader.m in Sources */,
				B5B0908F215B67E500832937 /* GoodsTableViewCell.swift in Sources */,
				B5B090D4215B6D2A00832937 /* HistoryRecord.swift in Sources */,
				B5B090C5215B681000832937 /* MJRefreshAutoNormalFooter.m in Sources */,
				B5B090CF215B681000832937 /* NSBundle+MJRefresh.m in Sources */,
				B54F897121EED7BA00BEF4C8 /* NavigationController.swift in Sources */,
				B5B090C1215B681000832937 /* MJRefreshComponent.m in Sources */,
				B54F896F21EECDF900BEF4C8 /* MainViewController.swift in Sources */,
				B54285152151E856004BFFE9 /* v4ViewController.swift in Sources */,
				B54285192151E875004BFFE9 /* v6ViewController.swift in Sources */,
				B5810322214FC7F000A68C92 /* ViewController.swift in Sources */,
				B54285172151E869004BFFE9 /* v5ViewController.swift in Sources */,
				B5B090D0215B681000832937 /* UIScrollView+MJExtension.m in Sources */,
				B5B090C9215B681000832937 /* MJRefreshBackStateFooter.m in Sources */,
				B58609D121511A33000EF80C /* v2ViewController.swift in Sources */,
				B5810320214FC7F000A68C92 /* AppDelegate.swift in Sources */,
				B5B090C3215B681000832937 /* MJRefreshHeader.m in Sources */,
				B5B090D1215B681000832937 /* UIScrollView+MJRefresh.m in Sources */,
				B5B090C8215B681000832937 /* MJRefreshBackNormalFooter.m in Sources */,
				B521851C21EDE7E800543335 /* NetworkTarget.swift in Sources */,
				B5B090CB215B681000832937 /* MJRefreshNormalHeader.m in Sources */,
				B5B0908D215B67DE00832937 /* Goods.swift in Sources */,
				B5B090C6215B681000832937 /* MJRefreshAutoStateFooter.m in Sources */,
				B5B090D8215B71B400832937 /* HistoryRecordViewController.swift in Sources */,
				B5B090BF215B681000832937 /* MJRefreshAutoFooter.m in Sources */,
				B542851B2151E880004BFFE9 /* v7ViewController.swift in Sources */,
				B5B090D6215B6DE000832937 /* HistoryRecordTableViewCell.swift in Sources */,
				B532E68A21FEED8F0037E349 /* Viewdelegate.swift in Sources */,
				B5B090C2215B681000832937 /* MJRefreshFooter.m in Sources */,
			);
			runOnlyForDeploymentPostprocessing = 0;
		};
		B581032C214FC7F100A68C92 /* Sources */ = {
			isa = PBXSourcesBuildPhase;
			buildActionMask = 2147483647;
			files = (
				B5810335214FC7F100A68C92 /* qiaojieTests.swift in Sources */,
			);
			runOnlyForDeploymentPostprocessing = 0;
		};
		B5810337214FC7F100A68C92 /* Sources */ = {
			isa = PBXSourcesBuildPhase;
			buildActionMask = 2147483647;
			files = (
				B5810340214FC7F100A68C92 /* qiaojieUITests.swift in Sources */,
			);
			runOnlyForDeploymentPostprocessing = 0;
		};
/* End PBXSourcesBuildPhase section */

/* Begin PBXTargetDependency section */
		B5810332214FC7F100A68C92 /* PBXTargetDependency */ = {
			isa = PBXTargetDependency;
			target = B581031B214FC7F000A68C92 /* qiaojie */;
			targetProxy = B5810331214FC7F100A68C92 /* PBXContainerItemProxy */;
		};
		B581033D214FC7F100A68C92 /* PBXTargetDependency */ = {
			isa = PBXTargetDependency;
			target = B581031B214FC7F000A68C92 /* qiaojie */;
			targetProxy = B581033C214FC7F100A68C92 /* PBXContainerItemProxy */;
		};
/* End PBXTargetDependency section */

/* Begin PBXVariantGroup section */
		B5810323214FC7F000A68C92 /* Main.storyboard */ = {
			isa = PBXVariantGroup;
			children = (
				B5810324214FC7F000A68C92 /* Base */,
			);
			name = Main.storyboard;
			sourceTree = "<group>";
		};
		B5810328214FC7F100A68C92 /* LaunchScreen.storyboard */ = {
			isa = PBXVariantGroup;
			children = (
				B5810329214FC7F100A68C92 /* Base */,
			);
			name = LaunchScreen.storyboard;
			sourceTree = "<group>";
		};
/* End PBXVariantGroup section */

/* Begin XCBuildConfiguration section */
		B5810342214FC7F100A68C92 /* Debug */ = {
			isa = XCBuildConfiguration;
			buildSettings = {
				ALWAYS_SEARCH_USER_PATHS = NO;
				CLANG_ANALYZER_NONNULL = YES;
				CLANG_ANALYZER_NUMBER_OBJECT_CONVERSION = YES_AGGRESSIVE;
				CLANG_CXX_LANGUAGE_STANDARD = "gnu++14";
				CLANG_CXX_LIBRARY = "libc++";
				CLANG_ENABLE_MODULES = YES;
				CLANG_ENABLE_OBJC_ARC = YES;
				CLANG_ENABLE_OBJC_WEAK = YES;
				CLANG_WARN_BLOCK_CAPTURE_AUTORELEASING = YES;
				CLANG_WARN_BOOL_CONVERSION = YES;
				CLANG_WARN_COMMA = YES;
				CLANG_WARN_CONSTANT_CONVERSION = YES;
				CLANG_WARN_DEPRECATED_OBJC_IMPLEMENTATIONS = YES;
				CLANG_WARN_DIRECT_OBJC_ISA_USAGE = YES_ERROR;
				CLANG_WARN_DOCUMENTATION_COMMENTS = YES;
				CLANG_WARN_EMPTY_BODY = YES;
				CLANG_WARN_ENUM_CONVERSION = YES;
				CLANG_WARN_INFINITE_RECURSION = YES;
				CLANG_WARN_INT_CONVERSION = YES;
				CLANG_WARN_NON_LITERAL_NULL_CONVERSION = YES;
				CLANG_WARN_OBJC_IMPLICIT_RETAIN_SELF = YES;
				CLANG_WARN_OBJC_LITERAL_CONVERSION = YES;
				CLANG_WARN_OBJC_ROOT_CLASS = YES_ERROR;
				CLANG_WARN_RANGE_LOOP_ANALYSIS = YES;
				CLANG_WARN_STRICT_PROTOTYPES = YES;
				CLANG_WARN_SUSPICIOUS_MOVE = YES;
				CLANG_WARN_UNGUARDED_AVAILABILITY = YES_AGGRESSIVE;
				CLANG_WARN_UNREACHABLE_CODE = YES;
				CLANG_WARN__DUPLICATE_METHOD_MATCH = YES;
				CODE_SIGN_IDENTITY = "iPhone Developer";
				COPY_PHASE_STRIP = NO;
				DEBUG_INFORMATION_FORMAT = dwarf;
				ENABLE_STRICT_OBJC_MSGSEND = YES;
				ENABLE_TESTABILITY = YES;
				GCC_C_LANGUAGE_STANDARD = gnu11;
				GCC_DYNAMIC_NO_PIC = NO;
				GCC_NO_COMMON_BLOCKS = YES;
				GCC_OPTIMIZATION_LEVEL = 0;
				GCC_PREPROCESSOR_DEFINITIONS = (
					"DEBUG=1",
					"$(inherited)",
				);
				GCC_WARN_64_TO_32_BIT_CONVERSION = YES;
				GCC_WARN_ABOUT_RETURN_TYPE = YES_ERROR;
				GCC_WARN_UNDECLARED_SELECTOR = YES;
				GCC_WARN_UNINITIALIZED_AUTOS = YES_AGGRESSIVE;
				GCC_WARN_UNUSED_FUNCTION = YES;
				GCC_WARN_UNUSED_VARIABLE = YES;
				IPHONEOS_DEPLOYMENT_TARGET = 11.4;
				MTL_ENABLE_DEBUG_INFO = YES;
				ONLY_ACTIVE_ARCH = YES;
				SDKROOT = iphoneos;
				SWIFT_ACTIVE_COMPILATION_CONDITIONS = DEBUG;
				SWIFT_OPTIMIZATION_LEVEL = "-Onone";
			};
			name = Debug;
		};
		B5810343214FC7F100A68C92 /* Release */ = {
			isa = XCBuildConfiguration;
			buildSettings = {
				ALWAYS_SEARCH_USER_PATHS = NO;
				CLANG_ANALYZER_NONNULL = YES;
				CLANG_ANALYZER_NUMBER_OBJECT_CONVERSION = YES_AGGRESSIVE;
				CLANG_CXX_LANGUAGE_STANDARD = "gnu++14";
				CLANG_CXX_LIBRARY = "libc++";
				CLANG_ENABLE_MODULES = YES;
				CLANG_ENABLE_OBJC_ARC = YES;
				CLANG_ENABLE_OBJC_WEAK = YES;
				CLANG_WARN_BLOCK_CAPTURE_AUTORELEASING = YES;
				CLANG_WARN_BOOL_CONVERSION = YES;
				CLANG_WARN_COMMA = YES;
				CLANG_WARN_CONSTANT_CONVERSION = YES;
				CLANG_WARN_DEPRECATED_OBJC_IMPLEMENTATIONS = YES;
				CLANG_WARN_DIRECT_OBJC_ISA_USAGE = YES_ERROR;
				CLANG_WARN_DOCUMENTATION_COMMENTS = YES;
				CLANG_WARN_EMPTY_BODY = YES;
				CLANG_WARN_ENUM_CONVERSION = YES;
				CLANG_WARN_INFINITE_RECURSION = YES;
				CLANG_WARN_INT_CONVERSION = YES;
				CLANG_WARN_NON_LITERAL_NULL_CONVERSION = YES;
				CLANG_WARN_OBJC_IMPLICIT_RETAIN_SELF = YES;
				CLANG_WARN_OBJC_LITERAL_CONVERSION = YES;
				CLANG_WARN_OBJC_ROOT_CLASS = YES_ERROR;
				CLANG_WARN_RANGE_LOOP_ANALYSIS = YES;
				CLANG_WARN_STRICT_PROTOTYPES = YES;
				CLANG_WARN_SUSPICIOUS_MOVE = YES;
				CLANG_WARN_UNGUARDED_AVAILABILITY = YES_AGGRESSIVE;
				CLANG_WARN_UNREACHABLE_CODE = YES;
				CLANG_WARN__DUPLICATE_METHOD_MATCH = YES;
				CODE_SIGN_IDENTITY = "iPhone Developer";
				COPY_PHASE_STRIP = NO;
				DEBUG_INFORMATION_FORMAT = "dwarf-with-dsym";
				ENABLE_NS_ASSERTIONS = NO;
				ENABLE_STRICT_OBJC_MSGSEND = YES;
				GCC_C_LANGUAGE_STANDARD = gnu11;
				GCC_NO_COMMON_BLOCKS = YES;
				GCC_WARN_64_TO_32_BIT_CONVERSION = YES;
				GCC_WARN_ABOUT_RETURN_TYPE = YES_ERROR;
				GCC_WARN_UNDECLARED_SELECTOR = YES;
				GCC_WARN_UNINITIALIZED_AUTOS = YES_AGGRESSIVE;
				GCC_WARN_UNUSED_FUNCTION = YES;
				GCC_WARN_UNUSED_VARIABLE = YES;
				IPHONEOS_DEPLOYMENT_TARGET = 11.4;
				MTL_ENABLE_DEBUG_INFO = NO;
				SDKROOT = iphoneos;
				SWIFT_COMPILATION_MODE = wholemodule;
				SWIFT_OPTIMIZATION_LEVEL = "-O";
				VALIDATE_PRODUCT = YES;
			};
			name = Release;
		};
		B5810345214FC7F100A68C92 /* Debug */ = {
			isa = XCBuildConfiguration;
			baseConfigurationReference = 7912382DE1C5BE0B41AE383F /* Pods-qiaojie.debug.xcconfig */;
			buildSettings = {
				ASSETCATALOG_COMPILER_APPICON_NAME = AppIcon;
				CLANG_ENABLE_MODULES = YES;
				CODE_SIGN_STYLE = Automatic;
				DEVELOPMENT_TEAM = LXAFZS5WQV;
				INFOPLIST_FILE = qiaojie/Info.plist;
				IPHONEOS_DEPLOYMENT_TARGET = 9.0;
				LD_QUOTE_LINKER_ARGUMENTS_FOR_COMPILER_DRIVER = NO;
				LD_RUNPATH_SEARCH_PATHS = (
					"$(inherited)",
					"@executable_path/Frameworks",
				);
				OTHER_LDFLAGS = "";
				PRODUCT_BUNDLE_IDENTIFIER = c.qiaojie;
				PRODUCT_NAME = "$(TARGET_NAME)";
				SWIFT_OBJC_BRIDGING_HEADER = "qiaojie/qiaojie-Bridging-Header.h";
				SWIFT_OPTIMIZATION_LEVEL = "-Onone";
				SWIFT_VERSION = 4.0;
				TARGETED_DEVICE_FAMILY = "1,2";
			};
			name = Debug;
		};
		B5810346214FC7F100A68C92 /* Release */ = {
			isa = XCBuildConfiguration;
			baseConfigurationReference = 32F02F77CD58418AF4204530 /* Pods-qiaojie.release.xcconfig */;
			buildSettings = {
				ASSETCATALOG_COMPILER_APPICON_NAME = AppIcon;
				CLANG_ENABLE_MODULES = YES;
				CODE_SIGN_STYLE = Automatic;
				DEVELOPMENT_TEAM = LXAFZS5WQV;
				INFOPLIST_FILE = qiaojie/Info.plist;
				IPHONEOS_DEPLOYMENT_TARGET = 9.0;
				LD_QUOTE_LINKER_ARGUMENTS_FOR_COMPILER_DRIVER = NO;
				LD_RUNPATH_SEARCH_PATHS = (
					"$(inherited)",
					"@executable_path/Frameworks",
				);
				OTHER_LDFLAGS = "";
				PRODUCT_BUNDLE_IDENTIFIER = c.qiaojie;
				PRODUCT_NAME = "$(TARGET_NAME)";
				SWIFT_OBJC_BRIDGING_HEADER = "qiaojie/qiaojie-Bridging-Header.h";
				SWIFT_VERSION = 4.0;
				TARGETED_DEVICE_FAMILY = "1,2";
			};
			name = Release;
		};
		B5810348214FC7F100A68C92 /* Debug */ = {
			isa = XCBuildConfiguration;
			buildSettings = {
				ALWAYS_EMBED_SWIFT_STANDARD_LIBRARIES = YES;
				BUNDLE_LOADER = "$(TEST_HOST)";
				CODE_SIGN_STYLE = Automatic;
				INFOPLIST_FILE = qiaojieTests/Info.plist;
				LD_RUNPATH_SEARCH_PATHS = (
					"$(inherited)",
					"@executable_path/Frameworks",
					"@loader_path/Frameworks",
				);
				PRODUCT_BUNDLE_IDENTIFIER = c.qiaojieTests;
				PRODUCT_NAME = "$(TARGET_NAME)";
				SWIFT_VERSION = 4.0;
				TARGETED_DEVICE_FAMILY = "1,2";
				TEST_HOST = "$(BUILT_PRODUCTS_DIR)/qiaojie.app/qiaojie";
			};
			name = Debug;
		};
		B5810349214FC7F100A68C92 /* Release */ = {
			isa = XCBuildConfiguration;
			buildSettings = {
				ALWAYS_EMBED_SWIFT_STANDARD_LIBRARIES = YES;
				BUNDLE_LOADER = "$(TEST_HOST)";
				CODE_SIGN_STYLE = Automatic;
				INFOPLIST_FILE = qiaojieTests/Info.plist;
				LD_RUNPATH_SEARCH_PATHS = (
					"$(inherited)",
					"@executable_path/Frameworks",
					"@loader_path/Frameworks",
				);
				PRODUCT_BUNDLE_IDENTIFIER = c.qiaojieTests;
				PRODUCT_NAME = "$(TARGET_NAME)";
				SWIFT_VERSION = 4.0;
				TARGETED_DEVICE_FAMILY = "1,2";
				TEST_HOST = "$(BUILT_PRODUCTS_DIR)/qiaojie.app/qiaojie";
			};
			name = Release;
		};
		B581034B214FC7F100A68C92 /* Debug */ = {
			isa = XCBuildConfiguration;
			buildSettings = {
				ALWAYS_EMBED_SWIFT_STANDARD_LIBRARIES = YES;
				CODE_SIGN_STYLE = Automatic;
				INFOPLIST_FILE = qiaojieUITests/Info.plist;
				LD_RUNPATH_SEARCH_PATHS = (
					"$(inherited)",
					"@executable_path/Frameworks",
					"@loader_path/Frameworks",
				);
				PRODUCT_BUNDLE_IDENTIFIER = c.qiaojieUITests;
				PRODUCT_NAME = "$(TARGET_NAME)";
				SWIFT_VERSION = 4.0;
				TARGETED_DEVICE_FAMILY = "1,2";
				TEST_TARGET_NAME = qiaojie;
			};
			name = Debug;
		};
		B581034C214FC7F100A68C92 /* Release */ = {
			isa = XCBuildConfiguration;
			buildSettings = {
				ALWAYS_EMBED_SWIFT_STANDARD_LIBRARIES = YES;
				CODE_SIGN_STYLE = Automatic;
				INFOPLIST_FILE = qiaojieUITests/Info.plist;
				LD_RUNPATH_SEARCH_PATHS = (
					"$(inherited)",
					"@executable_path/Frameworks",
					"@loader_path/Frameworks",
				);
				PRODUCT_BUNDLE_IDENTIFIER = c.qiaojieUITests;
				PRODUCT_NAME = "$(TARGET_NAME)";
				SWIFT_VERSION = 4.0;
				TARGETED_DEVICE_FAMILY = "1,2";
				TEST_TARGET_NAME = qiaojie;
			};
			name = Release;
		};
/* End XCBuildConfiguration section */

/* Begin XCConfigurationList section */
		B5810317214FC7F000A68C92 /* Build configuration list for PBXProject "qiaojie" */ = {
			isa = XCConfigurationList;
			buildConfigurations = (
				B5810342214FC7F100A68C92 /* Debug */,
				B5810343214FC7F100A68C92 /* Release */,
			);
			defaultConfigurationIsVisible = 0;
			defaultConfigurationName = Release;
		};
		B5810344214FC7F100A68C92 /* Build configuration list for PBXNativeTarget "qiaojie" */ = {
			isa = XCConfigurationList;
			buildConfigurations = (
				B5810345214FC7F100A68C92 /* Debug */,
				B5810346214FC7F100A68C92 /* Release */,
			);
			defaultConfigurationIsVisible = 0;
			defaultConfigurationName = Release;
		};
		B5810347214FC7F100A68C92 /* Build configuration list for PBXNativeTarget "qiaojieTests" */ = {
			isa = XCConfigurationList;
			buildConfigurations = (
				B5810348214FC7F100A68C92 /* Debug */,
				B5810349214FC7F100A68C92 /* Release */,
			);
			defaultConfigurationIsVisible = 0;
			defaultConfigurationName = Release;
		};
		B581034A214FC7F100A68C92 /* Build configuration list for PBXNativeTarget "qiaojieUITests" */ = {
			isa = XCConfigurationList;
			buildConfigurations = (
				B581034B214FC7F100A68C92 /* Debug */,
				B581034C214FC7F100A68C92 /* Release */,
			);
			defaultConfigurationIsVisible = 0;
			defaultConfigurationName = Release;
		};
/* End XCConfigurationList section */
	};
	rootObject = B5810314214FC7F000A68C92 /* Project object */;
}
